
Microsoft Visual Studio Solution File, Format Version 12.00
# Visual Studio Version 17
VisualStudioVersion = 17.0.31903.59
MinimumVisualStudioVersion = 10.0.40219.1
Project("{FAE04EC0-301F-11D3-BF4B-00C04F79EFBC}") = "SauceDemoAutomation.Framework", "SauceDemoAutomation.Framework\SauceDemoAutomation.Framework.csproj", "{61AB1BEB-1B02-471E-8230-75A9089E726E}"
EndProject
Project("{FAE04EC0-301F-11D3-BF4B-00C04F79EFBC}") = "SauceDemoAutomation.Pipeline", "SauceDemoAutomation.Pipeline\SauceDemoAutomation.Pipeline.csproj", "{475D5E6E-E487-4FF9-B7B6-E92242CE2A00}"
EndProject
Global
	GlobalSection(SolutionConfigurationPlatforms) = preSolution
		Debug|Any CPU = Debug|Any CPU
		Release|Any CPU = Release|Any CPU
	EndGlobalSection
	GlobalSection(SolutionProperties) = preSolution
		HideSolutionNode = FALSE
	EndGlobalSection
	GlobalSection(ProjectConfigurationPlatforms) = postSolution
		{61AB1BEB-1B02-471E-8230-75A9089E726E}.Debug|Any CPU.ActiveCfg = Debug|Any CPU
		{61AB1BEB-1B02-471E-8230-75A9089E726E}.Debug|Any CPU.Build.0 = Debug|Any CPU
		{61AB1BEB-1B02-471E-8230-75A9089E726E}.Release|Any CPU.ActiveCfg = Release|Any CPU
		{61AB1BEB-1B02-471E-8230-75A9089E726E}.Release|Any CPU.Build.0 = Release|Any CPU
		{475D5E6E-E487-4FF9-B7B6-E92242CE2A00}.Debug|Any CPU.ActiveCfg = Debug|Any CPU
		{475D5E6E-E487-4FF9-B7B6-E92242CE2A00}.Debug|Any CPU.Build.0 = Debug|Any CPU
		{475D5E6E-E487-4FF9-B7B6-E92242CE2A00}.Release|Any CPU.ActiveCfg = Release|Any CPU
		{475D5E6E-E487-4FF9-B7B6-E92242CE2A00}.Release|Any CPU.Build.0 = Release|Any CPU
	EndGlobalSection
EndGlobal
